
Microsoft Visual Studio Solution File, Format Version 12.00
# Visual Studio Version 17
VisualStudioVersion = 17.10.35013.160
MinimumVisualStudioVersion = 10.0.40219.1
Project("{FAE04EC0-301F-11D3-BF4B-00C04F79EFBC}") = "Bookstore Management- (Project2)", "Bookstore Management- (Project2)\Bookstore Management- (Project2).csproj", "{CD829823-8DEB-4EAD-AFBB-CC6F716DB85C}"
EndProject
Global
	GlobalSection(SolutionConfigurationPlatforms) = preSolution
		Debug|Any CPU = Debug|Any CPU
		Release|Any CPU = Release|Any CPU
	EndGlobalSection
	GlobalSection(ProjectConfigurationPlatforms) = postSolution
		{CD829823-8DEB-4EAD-AFBB-CC6F716DB85C}.Debug|Any CPU.ActiveCfg = Debug|Any CPU
		{CD829823-8DEB-4EAD-AFBB-CC6F716DB85C}.Debug|Any CPU.Build.0 = Debug|Any CPU
		{CD829823-8DEB-4EAD-AFBB-CC6F716DB85C}.Release|Any CPU.ActiveCfg = Release|Any CPU
		{CD829823-8DEB-4EAD-AFBB-CC6F716DB85C}.Release|Any CPU.Build.0 = Release|Any CPU
	EndGlobalSection
	GlobalSection(SolutionProperties) = preSolution
		HideSolutionNode = FALSE
	EndGlobalSection
	GlobalSection(ExtensibilityGlobals) = postSolution
		SolutionGuid = {032ED5E4-CA9C-47C5-BECD-3C5CFF9EC8B2}
	EndGlobalSection
EndGlobal
